
Microsoft Visual Studio Solution File, Format Version 12.00
# Visual Studio 2012
Project("{FAE04EC0-301F-11D3-BF4B-00C04F79EFBC}") = "Acceuil", "Acceuil\Acceuil.csproj", "{7462D9C5-C901-4355-9748-479E11DCE1FE}"
EndProject
Project("{FAE04EC0-301F-11D3-BF4B-00C04F79EFBC}") = "Carrosserie", "Carrosserie\Carrosserie.csproj", "{D41718B6-46A2-4F2B-B011-59517D755CAD}"
EndProject
Global
	GlobalSection(SolutionConfigurationPlatforms) = preSolution
		Debug|Any CPU = Debug|Any CPU
		Release|Any CPU = Release|Any CPU
	EndGlobalSection
	GlobalSection(ProjectConfigurationPlatforms) = postSolution
		{7462D9C5-C901-4355-9748-479E11DCE1FE}.Debug|Any CPU.ActiveCfg = Debug|Any CPU
		{7462D9C5-C901-4355-9748-479E11DCE1FE}.Debug|Any CPU.Build.0 = Debug|Any CPU
		{7462D9C5-C901-4355-9748-479E11DCE1FE}.Release|Any CPU.ActiveCfg = Release|Any CPU
		{7462D9C5-C901-4355-9748-479E11DCE1FE}.Release|Any CPU.Build.0 = Release|Any CPU
		{D41718B6-46A2-4F2B-B011-59517D755CAD}.Debug|Any CPU.ActiveCfg = Debug|Any CPU
		{D41718B6-46A2-4F2B-B011-59517D755CAD}.Debug|Any CPU.Build.0 = Debug|Any CPU
		{D41718B6-46A2-4F2B-B011-59517D755CAD}.Release|Any CPU.ActiveCfg = Release|Any CPU
		{D41718B6-46A2-4F2B-B011-59517D755CAD}.Release|Any CPU.Build.0 = Release|Any CPU
	EndGlobalSection
	GlobalSection(SolutionProperties) = preSolution
		HideSolutionNode = FALSE
	EndGlobalSection
EndGlobal
